
Microsoft Visual Studio Solution File, Format Version 12.00
# Visual Studio Version 16
VisualStudioVersion = 16.0.33529.622
MinimumVisualStudioVersion = 10.0.40219.1
Project("{FAE04EC0-301F-11D3-BF4B-00C04F79EFBC}") = "EZDump", "EZDump\EZDump.csproj", "{D223375C-3F4B-4E71-8E2C-0AF09E155606}"
EndProject
Global
	GlobalSection(SolutionConfigurationPlatforms) = preSolution
		Debug|Any CPU = Debug|Any CPU
		Debug|x64 = Debug|x64
		Release|Any CPU = Release|Any CPU
		Release|x64 = Release|x64
	EndGlobalSection
	GlobalSection(ProjectConfigurationPlatforms) = postSolution
		{D223375C-3F4B-4E71-8E2C-0AF09E155606}.Debug|Any CPU.ActiveCfg = Debug|Any CPU
		{D223375C-3F4B-4E71-8E2C-0AF09E155606}.Debug|Any CPU.Build.0 = Debug|Any CPU
		{D223375C-3F4B-4E71-8E2C-0AF09E155606}.Debug|x64.ActiveCfg = Debug|x64
		{D223375C-3F4B-4E71-8E2C-0AF09E155606}.Debug|x64.Build.0 = Debug|x64
		{D223375C-3F4B-4E71-8E2C-0AF09E155606}.Release|Any CPU.ActiveCfg = Release|Any CPU
		{D223375C-3F4B-4E71-8E2C-0AF09E155606}.Release|Any CPU.Build.0 = Release|Any CPU
		{D223375C-3F4B-4E71-8E2C-0AF09E155606}.Release|x64.ActiveCfg = Release|x64
		{D223375C-3F4B-4E71-8E2C-0AF09E155606}.Release|x64.Build.0 = Release|x64
	EndGlobalSection
	GlobalSection(SolutionProperties) = preSolution
		HideSolutionNode = FALSE
	EndGlobalSection
	GlobalSection(ExtensibilityGlobals) = postSolution
		SolutionGuid = {31FB546D-412D-4A7A-9192-3444A6A3970D}
	EndGlobalSection
EndGlobal
